<?xml version="1.0" encoding="utf-8"?>
<Project ToolsVersion="15.0" xmlns="http://schemas.microsoft.com/developer/msbuild/2003">
  <ItemGroup>
    <ClCompile Include="..\..\src\Main.cpp" />
  </ItemGroup>
  <ItemGroup>
    <Image Include="..\..\src\GraphicsLogo.png" />
    <Image Include="..\..\src\LargeLogo.png" />
    <Image Include="..\..\src\SmallLogo.png" />
    <Image Include="..\..\src\SplashScreen.png" />
    <Image Include="..\..\src\StoreLogo.png" />
  </ItemGroup>
  <ItemGroup>
    <None Include="..\..\src\imgui.ini" />
    <None Include="packages.config" />
  </ItemGroup>
</Project>