
Microsoft Visual Studio Solution File, Format Version 12.00
# Visual Studio Version 17
VisualStudioVersion = 17.3.32929.385
MinimumVisualStudioVersion = 10.0.40219.1
Project("{8BC9CEB8-8B4A-11D0-8D11-00A0C91BC942}") = "PhxEditor", "PhxEditor\PhxEditor.vcxproj", "{6BE9DB4B-5E4F-4963-893A-DE0A24DB38BB}"
EndProject
Project("{2150E333-8FDC-42A3-9474-1A3956D46DE8}") = "3rdParty", "3rdParty", "{881EF9A0-9236-474D-9E7D-B202EB9D0C0C}"
EndProject
Project("{8BC9CEB8-8B4A-11D0-8D11-00A0C91BC942}") = "ImGui", "PhxEngine\3rdParty\ImGui\ImGui.vcxproj", "{B7A38D2E-F239-4286-AFAE-050F8DBFAEBB}"
EndProject
Project("{8BC9CEB8-8B4A-11D0-8D11-00A0C91BC942}") = "spriv-reflect", "PhxEngine\3rdParty\spriv-reflect\spriv-reflect.vcxproj", "{58155BD6-55FC-4FF6-8E18-4E3FFF218115}"
EndProject
Project("{8BC9CEB8-8B4A-11D0-8D11-00A0C91BC942}") = "Volk", "PhxEngine\3rdParty\volk\Volk.vcxproj", "{DBD0B9C6-76C9-489A-9BB7-1526EF1C2228}"
EndProject
Project("{8BC9CEB8-8B4A-11D0-8D11-00A0C91BC942}") = "D3D12MA", "PhxEngine\3rdParty\d3d12ma\D3D12MA.vcxproj", "{C452F962-6478-43E7-A79B-B2C3CB570E31}"
EndProject
Project("{8BC9CEB8-8B4A-11D0-8D11-00A0C91BC942}") = "PhxEngine", "phxengine\projects\windows\PhxEngine.vcxproj", "{E255B43C-84E0-481C-ABD5-42BC1E925E55}"
EndProject
Global
	GlobalSection(SolutionConfigurationPlatforms) = preSolution
		Debug-Dx12|Windows = Debug-Dx12|Windows
		Profile-Dx12|Windows = Profile-Dx12|Windows
		Release-Dx12|Windows = Release-Dx12|Windows
	EndGlobalSection
	GlobalSection(ProjectConfigurationPlatforms) = postSolution
		{6BE9DB4B-5E4F-4963-893A-DE0A24DB38BB}.Debug-Dx12|Windows.ActiveCfg = Debug|Gaming.Desktop.x64
		{6BE9DB4B-5E4F-4963-893A-DE0A24DB38BB}.Debug-Dx12|Windows.Build.0 = Debug|Gaming.Desktop.x64
		{6BE9DB4B-5E4F-4963-893A-DE0A24DB38BB}.Profile-Dx12|Windows.ActiveCfg = Profile|Gaming.Desktop.x64
		{6BE9DB4B-5E4F-4963-893A-DE0A24DB38BB}.Profile-Dx12|Windows.Build.0 = Profile|Gaming.Desktop.x64
		{6BE9DB4B-5E4F-4963-893A-DE0A24DB38BB}.Release-Dx12|Windows.ActiveCfg = Release|Gaming.Desktop.x64
		{6BE9DB4B-5E4F-4963-893A-DE0A24DB38BB}.Release-Dx12|Windows.Build.0 = Release|Gaming.Desktop.x64
		{B7A38D2E-F239-4286-AFAE-050F8DBFAEBB}.Debug-Dx12|Windows.ActiveCfg = Debug|Gaming.Desktop.x64
		{B7A38D2E-F239-4286-AFAE-050F8DBFAEBB}.Debug-Dx12|Windows.Build.0 = Debug|Gaming.Desktop.x64
		{B7A38D2E-F239-4286-AFAE-050F8DBFAEBB}.Profile-Dx12|Windows.ActiveCfg = Profile|Gaming.Desktop.x64
		{B7A38D2E-F239-4286-AFAE-050F8DBFAEBB}.Profile-Dx12|Windows.Build.0 = Profile|Gaming.Desktop.x64
		{B7A38D2E-F239-4286-AFAE-050F8DBFAEBB}.Release-Dx12|Windows.ActiveCfg = Release|Gaming.Desktop.x64
		{B7A38D2E-F239-4286-AFAE-050F8DBFAEBB}.Release-Dx12|Windows.Build.0 = Release|Gaming.Desktop.x64
		{58155BD6-55FC-4FF6-8E18-4E3FFF218115}.Debug-Dx12|Windows.ActiveCfg = Debug|Gaming.Desktop.x64
		{58155BD6-55FC-4FF6-8E18-4E3FFF218115}.Profile-Dx12|Windows.ActiveCfg = Profile|Gaming.Desktop.x64
		{58155BD6-55FC-4FF6-8E18-4E3FFF218115}.Release-Dx12|Windows.ActiveCfg = Release|Gaming.Desktop.x64
		{DBD0B9C6-76C9-489A-9BB7-1526EF1C2228}.Debug-Dx12|Windows.ActiveCfg = Debug|Gaming.Desktop.x64
		{DBD0B9C6-76C9-489A-9BB7-1526EF1C2228}.Profile-Dx12|Windows.ActiveCfg = Debug|Gaming.Desktop.x64
		{DBD0B9C6-76C9-489A-9BB7-1526EF1C2228}.Release-Dx12|Windows.ActiveCfg = Release|Gaming.Desktop.x64
		{C452F962-6478-43E7-A79B-B2C3CB570E31}.Debug-Dx12|Windows.ActiveCfg = Debug|Gaming.Desktop.x64
		{C452F962-6478-43E7-A79B-B2C3CB570E31}.Debug-Dx12|Windows.Build.0 = Debug|Gaming.Desktop.x64
		{C452F962-6478-43E7-A79B-B2C3CB570E31}.Profile-Dx12|Windows.ActiveCfg = Debug|Gaming.Desktop.x64
		{C452F962-6478-43E7-A79B-B2C3CB570E31}.Profile-Dx12|Windows.Build.0 = Debug|Gaming.Desktop.x64
		{C452F962-6478-43E7-A79B-B2C3CB570E31}.Release-Dx12|Windows.ActiveCfg = Release|Gaming.Desktop.x64
		{C452F962-6478-43E7-A79B-B2C3CB570E31}.Release-Dx12|Windows.Build.0 = Release|Gaming.Desktop.x64
		{E255B43C-84E0-481C-ABD5-42BC1E925E55}.Debug-Dx12|Windows.ActiveCfg = Debug|Gaming.Desktop.x64
		{E255B43C-84E0-481C-ABD5-42BC1E925E55}.Debug-Dx12|Windows.Build.0 = Debug|Gaming.Desktop.x64
		{E255B43C-84E0-481C-ABD5-42BC1E925E55}.Profile-Dx12|Windows.ActiveCfg = Profile|Gaming.Desktop.x64
		{E255B43C-84E0-481C-ABD5-42BC1E925E55}.Profile-Dx12|Windows.Build.0 = Profile|Gaming.Desktop.x64
		{E255B43C-84E0-481C-ABD5-42BC1E925E55}.Release-Dx12|Windows.ActiveCfg = Release|Gaming.Desktop.x64
		{E255B43C-84E0-481C-ABD5-42BC1E925E55}.Release-Dx12|Windows.Build.0 = Release|Gaming.Desktop.x64
	EndGlobalSection
	GlobalSection(SolutionProperties) = preSolution
		HideSolutionNode = FALSE
	EndGlobalSection
	GlobalSection(NestedProjects) = preSolution
		{B7A38D2E-F239-4286-AFAE-050F8DBFAEBB} = {881EF9A0-9236-474D-9E7D-B202EB9D0C0C}
		{58155BD6-55FC-4FF6-8E18-4E3FFF218115} = {881EF9A0-9236-474D-9E7D-B202EB9D0C0C}
		{DBD0B9C6-76C9-489A-9BB7-1526EF1C2228} = {881EF9A0-9236-474D-9E7D-B202EB9D0C0C}
		{C452F962-6478-43E7-A79B-B2C3CB570E31} = {881EF9A0-9236-474D-9E7D-B202EB9D0C0C}
	EndGlobalSection
	GlobalSection(ExtensibilityGlobals) = postSolution
		SolutionGuid = {BB3675E6-A457-4437-ABD4-94CC9C23DDDE}
	EndGlobalSection
EndGlobal
