
Microsoft Visual Studio Solution File, Format Version 12.00
# Visual Studio Version 17
VisualStudioVersion = 17.3.32929.385
MinimumVisualStudioVersion = 10.0.40219.1
Project("{2150E333-8FDC-42A3-9474-1A3956D46DE8}") = "3rdParty", "3rdParty", "{881EF9A0-9236-474D-9E7D-B202EB9D0C0C}"
EndProject
Project("{8BC9CEB8-8B4A-11D0-8D11-00A0C91BC942}") = "PhxEngine", "phxengine\projects\Windows\PhxEngine.vcxproj", "{E255B43C-84E0-481C-ABD5-42BC1E925E55}"
EndProject
Project("{8BC9CEB8-8B4A-11D0-8D11-00A0C91BC942}") = "PhxEditor", "phxeditor\projects\Windows\phxeditor.vcxproj", "{144CFBAE-FEAD-4FE5-A40C-B9E72DFC9207}"
EndProject
Project("{8BC9CEB8-8B4A-11D0-8D11-00A0C91BC942}") = "D3D12MA", "3rdParty\d3d12ma\D3D12MA.vcxproj", "{C452F962-6478-43E7-A79B-B2C3CB570E31}"
EndProject
Global
	GlobalSection(SolutionConfigurationPlatforms) = preSolution
		Debug|Gaming.Desktop.x64 = Debug|Gaming.Desktop.x64
		Debug|Windows = Debug|Windows
		Debug|x64 = Debug|x64
		Debug|x86 = Debug|x86
		Debug-Dx12|Gaming.Desktop.x64 = Debug-Dx12|Gaming.Desktop.x64
		Debug-Dx12|Windows = Debug-Dx12|Windows
		Debug-Dx12|x64 = Debug-Dx12|x64
		Debug-Dx12|x86 = Debug-Dx12|x86
		Profile|Gaming.Desktop.x64 = Profile|Gaming.Desktop.x64
		Profile|Windows = Profile|Windows
		Profile|x64 = Profile|x64
		Profile|x86 = Profile|x86
		Profile-Dx12|Gaming.Desktop.x64 = Profile-Dx12|Gaming.Desktop.x64
		Profile-Dx12|Windows = Profile-Dx12|Windows
		Profile-Dx12|x64 = Profile-Dx12|x64
		Profile-Dx12|x86 = Profile-Dx12|x86
		Release|Gaming.Desktop.x64 = Release|Gaming.Desktop.x64
		Release|Windows = Release|Windows
		Release|x64 = Release|x64
		Release|x86 = Release|x86
		Release-Dx12|Gaming.Desktop.x64 = Release-Dx12|Gaming.Desktop.x64
		Release-Dx12|Windows = Release-Dx12|Windows
		Release-Dx12|x64 = Release-Dx12|x64
		Release-Dx12|x86 = Release-Dx12|x86
	EndGlobalSection
	GlobalSection(ProjectConfigurationPlatforms) = postSolution
		{E255B43C-84E0-481C-ABD5-42BC1E925E55}.Debug|Gaming.Desktop.x64.ActiveCfg = Debug|Gaming.Desktop.x64
		{E255B43C-84E0-481C-ABD5-42BC1E925E55}.Debug|Gaming.Desktop.x64.Build.0 = Debug|Gaming.Desktop.x64
		{E255B43C-84E0-481C-ABD5-42BC1E925E55}.Debug|Windows.ActiveCfg = Debug|Gaming.Desktop.x64
		{E255B43C-84E0-481C-ABD5-42BC1E925E55}.Debug|Windows.Build.0 = Debug|Gaming.Desktop.x64
		{E255B43C-84E0-481C-ABD5-42BC1E925E55}.Debug|x64.ActiveCfg = Debug|Gaming.Desktop.x64
		{E255B43C-84E0-481C-ABD5-42BC1E925E55}.Debug|x64.Build.0 = Debug|Gaming.Desktop.x64
		{E255B43C-84E0-481C-ABD5-42BC1E925E55}.Debug|x86.ActiveCfg = Debug|Gaming.Desktop.x64
		{E255B43C-84E0-481C-ABD5-42BC1E925E55}.Debug|x86.Build.0 = Debug|Gaming.Desktop.x64
		{E255B43C-84E0-481C-ABD5-42BC1E925E55}.Debug-Dx12|Gaming.Desktop.x64.ActiveCfg = Debug|Gaming.Desktop.x64
		{E255B43C-84E0-481C-ABD5-42BC1E925E55}.Debug-Dx12|Gaming.Desktop.x64.Build.0 = Debug|Gaming.Desktop.x64
		{E255B43C-84E0-481C-ABD5-42BC1E925E55}.Debug-Dx12|Windows.ActiveCfg = Debug|Gaming.Desktop.x64
		{E255B43C-84E0-481C-ABD5-42BC1E925E55}.Debug-Dx12|Windows.Build.0 = Debug|Gaming.Desktop.x64
		{E255B43C-84E0-481C-ABD5-42BC1E925E55}.Debug-Dx12|x64.ActiveCfg = Debug|Gaming.Desktop.x64
		{E255B43C-84E0-481C-ABD5-42BC1E925E55}.Debug-Dx12|x64.Build.0 = Debug|Gaming.Desktop.x64
		{E255B43C-84E0-481C-ABD5-42BC1E925E55}.Debug-Dx12|x86.ActiveCfg = Debug|Gaming.Desktop.x64
		{E255B43C-84E0-481C-ABD5-42BC1E925E55}.Debug-Dx12|x86.Build.0 = Debug|Gaming.Desktop.x64
		{E255B43C-84E0-481C-ABD5-42BC1E925E55}.Profile|Gaming.Desktop.x64.ActiveCfg = Profile|Gaming.Desktop.x64
		{E255B43C-84E0-481C-ABD5-42BC1E925E55}.Profile|Gaming.Desktop.x64.Build.0 = Profile|Gaming.Desktop.x64
		{E255B43C-84E0-481C-ABD5-42BC1E925E55}.Profile|Windows.ActiveCfg = Profile|Gaming.Desktop.x64
		{E255B43C-84E0-481C-ABD5-42BC1E925E55}.Profile|Windows.Build.0 = Profile|Gaming.Desktop.x64
		{E255B43C-84E0-481C-ABD5-42BC1E925E55}.Profile|x64.ActiveCfg = Profile|Gaming.Desktop.x64
		{E255B43C-84E0-481C-ABD5-42BC1E925E55}.Profile|x64.Build.0 = Profile|Gaming.Desktop.x64
		{E255B43C-84E0-481C-ABD5-42BC1E925E55}.Profile|x86.ActiveCfg = Profile|Gaming.Desktop.x64
		{E255B43C-84E0-481C-ABD5-42BC1E925E55}.Profile|x86.Build.0 = Profile|Gaming.Desktop.x64
		{E255B43C-84E0-481C-ABD5-42BC1E925E55}.Profile-Dx12|Gaming.Desktop.x64.ActiveCfg = Profile|Gaming.Desktop.x64
		{E255B43C-84E0-481C-ABD5-42BC1E925E55}.Profile-Dx12|Gaming.Desktop.x64.Build.0 = Profile|Gaming.Desktop.x64
		{E255B43C-84E0-481C-ABD5-42BC1E925E55}.Profile-Dx12|Windows.ActiveCfg = Profile|Gaming.Desktop.x64
		{E255B43C-84E0-481C-ABD5-42BC1E925E55}.Profile-Dx12|Windows.Build.0 = Profile|Gaming.Desktop.x64
		{E255B43C-84E0-481C-ABD5-42BC1E925E55}.Profile-Dx12|x64.ActiveCfg = Profile|Gaming.Desktop.x64
		{E255B43C-84E0-481C-ABD5-42BC1E925E55}.Profile-Dx12|x64.Build.0 = Profile|Gaming.Desktop.x64
		{E255B43C-84E0-481C-ABD5-42BC1E925E55}.Profile-Dx12|x86.ActiveCfg = Profile|Gaming.Desktop.x64
		{E255B43C-84E0-481C-ABD5-42BC1E925E55}.Profile-Dx12|x86.Build.0 = Profile|Gaming.Desktop.x64
		{E255B43C-84E0-481C-ABD5-42BC1E925E55}.Release|Gaming.Desktop.x64.ActiveCfg = Release|Gaming.Desktop.x64
		{E255B43C-84E0-481C-ABD5-42BC1E925E55}.Release|Gaming.Desktop.x64.Build.0 = Release|Gaming.Desktop.x64
		{E255B43C-84E0-481C-ABD5-42BC1E925E55}.Release|Windows.ActiveCfg = Release|Gaming.Desktop.x64
		{E255B43C-84E0-481C-ABD5-42BC1E925E55}.Release|Windows.Build.0 = Release|Gaming.Desktop.x64
		{E255B43C-84E0-481C-ABD5-42BC1E925E55}.Release|x64.ActiveCfg = Release|Gaming.Desktop.x64
		{E255B43C-84E0-481C-ABD5-42BC1E925E55}.Release|x64.Build.0 = Release|Gaming.Desktop.x64
		{E255B43C-84E0-481C-ABD5-42BC1E925E55}.Release|x86.ActiveCfg = Release|Gaming.Desktop.x64
		{E255B43C-84E0-481C-ABD5-42BC1E925E55}.Release|x86.Build.0 = Release|Gaming.Desktop.x64
		{E255B43C-84E0-481C-ABD5-42BC1E925E55}.Release-Dx12|Gaming.Desktop.x64.ActiveCfg = Release|Gaming.Desktop.x64
		{E255B43C-84E0-481C-ABD5-42BC1E925E55}.Release-Dx12|Gaming.Desktop.x64.Build.0 = Release|Gaming.Desktop.x64
		{E255B43C-84E0-481C-ABD5-42BC1E925E55}.Release-Dx12|Windows.ActiveCfg = Release|Gaming.Desktop.x64
		{E255B43C-84E0-481C-ABD5-42BC1E925E55}.Release-Dx12|Windows.Build.0 = Release|Gaming.Desktop.x64
		{E255B43C-84E0-481C-ABD5-42BC1E925E55}.Release-Dx12|x64.ActiveCfg = Release|Gaming.Desktop.x64
		{E255B43C-84E0-481C-ABD5-42BC1E925E55}.Release-Dx12|x64.Build.0 = Release|Gaming.Desktop.x64
		{E255B43C-84E0-481C-ABD5-42BC1E925E55}.Release-Dx12|x86.ActiveCfg = Release|Gaming.Desktop.x64
		{E255B43C-84E0-481C-ABD5-42BC1E925E55}.Release-Dx12|x86.Build.0 = Release|Gaming.Desktop.x64
		{144CFBAE-FEAD-4FE5-A40C-B9E72DFC9207}.Debug|Gaming.Desktop.x64.ActiveCfg = Debug|Gaming.Desktop.x64
		{144CFBAE-FEAD-4FE5-A40C-B9E72DFC9207}.Debug|Gaming.Desktop.x64.Build.0 = Debug|Gaming.Desktop.x64
		{144CFBAE-FEAD-4FE5-A40C-B9E72DFC9207}.Debug|Windows.ActiveCfg = Debug|Gaming.Desktop.x64
		{144CFBAE-FEAD-4FE5-A40C-B9E72DFC9207}.Debug|Windows.Build.0 = Debug|Gaming.Desktop.x64
		{144CFBAE-FEAD-4FE5-A40C-B9E72DFC9207}.Debug|x64.ActiveCfg = Debug|Gaming.Desktop.x64
		{144CFBAE-FEAD-4FE5-A40C-B9E72DFC9207}.Debug|x64.Build.0 = Debug|Gaming.Desktop.x64
		{144CFBAE-FEAD-4FE5-A40C-B9E72DFC9207}.Debug|x86.ActiveCfg = Debug|Gaming.Desktop.x64
		{144CFBAE-FEAD-4FE5-A40C-B9E72DFC9207}.Debug|x86.Build.0 = Debug|Gaming.Desktop.x64
		{144CFBAE-FEAD-4FE5-A40C-B9E72DFC9207}.Debug-Dx12|Gaming.Desktop.x64.ActiveCfg = Debug|Gaming.Desktop.x64
		{144CFBAE-FEAD-4FE5-A40C-B9E72DFC9207}.Debug-Dx12|Gaming.Desktop.x64.Build.0 = Debug|Gaming.Desktop.x64
		{144CFBAE-FEAD-4FE5-A40C-B9E72DFC9207}.Debug-Dx12|Windows.ActiveCfg = Debug|Gaming.Desktop.x64
		{144CFBAE-FEAD-4FE5-A40C-B9E72DFC9207}.Debug-Dx12|Windows.Build.0 = Debug|Gaming.Desktop.x64
		{144CFBAE-FEAD-4FE5-A40C-B9E72DFC9207}.Debug-Dx12|x64.ActiveCfg = Debug|Gaming.Desktop.x64
		{144CFBAE-FEAD-4FE5-A40C-B9E72DFC9207}.Debug-Dx12|x64.Build.0 = Debug|Gaming.Desktop.x64
		{144CFBAE-FEAD-4FE5-A40C-B9E72DFC9207}.Debug-Dx12|x86.ActiveCfg = Debug|Gaming.Desktop.x64
		{144CFBAE-FEAD-4FE5-A40C-B9E72DFC9207}.Debug-Dx12|x86.Build.0 = Debug|Gaming.Desktop.x64
		{144CFBAE-FEAD-4FE5-A40C-B9E72DFC9207}.Profile|Gaming.Desktop.x64.ActiveCfg = Profile|Gaming.Desktop.x64
		{144CFBAE-FEAD-4FE5-A40C-B9E72DFC9207}.Profile|Gaming.Desktop.x64.Build.0 = Profile|Gaming.Desktop.x64
		{144CFBAE-FEAD-4FE5-A40C-B9E72DFC9207}.Profile|Windows.ActiveCfg = Profile|Gaming.Desktop.x64
		{144CFBAE-FEAD-4FE5-A40C-B9E72DFC9207}.Profile|Windows.Build.0 = Profile|Gaming.Desktop.x64
		{144CFBAE-FEAD-4FE5-A40C-B9E72DFC9207}.Profile|x64.ActiveCfg = Profile|Gaming.Desktop.x64
		{144CFBAE-FEAD-4FE5-A40C-B9E72DFC9207}.Profile|x64.Build.0 = Profile|Gaming.Desktop.x64
		{144CFBAE-FEAD-4FE5-A40C-B9E72DFC9207}.Profile|x86.ActiveCfg = Profile|Gaming.Desktop.x64
		{144CFBAE-FEAD-4FE5-A40C-B9E72DFC9207}.Profile|x86.Build.0 = Profile|Gaming.Desktop.x64
		{144CFBAE-FEAD-4FE5-A40C-B9E72DFC9207}.Profile-Dx12|Gaming.Desktop.x64.ActiveCfg = Profile|Gaming.Desktop.x64
		{144CFBAE-FEAD-4FE5-A40C-B9E72DFC9207}.Profile-Dx12|Gaming.Desktop.x64.Build.0 = Profile|Gaming.Desktop.x64
		{144CFBAE-FEAD-4FE5-A40C-B9E72DFC9207}.Profile-Dx12|Windows.ActiveCfg = Profile|Gaming.Desktop.x64
		{144CFBAE-FEAD-4FE5-A40C-B9E72DFC9207}.Profile-Dx12|Windows.Build.0 = Profile|Gaming.Desktop.x64
		{144CFBAE-FEAD-4FE5-A40C-B9E72DFC9207}.Profile-Dx12|x64.ActiveCfg = Profile|Gaming.Desktop.x64
		{144CFBAE-FEAD-4FE5-A40C-B9E72DFC9207}.Profile-Dx12|x64.Build.0 = Profile|Gaming.Desktop.x64
		{144CFBAE-FEAD-4FE5-A40C-B9E72DFC9207}.Profile-Dx12|x86.ActiveCfg = Profile|Gaming.Desktop.x64
		{144CFBAE-FEAD-4FE5-A40C-B9E72DFC9207}.Profile-Dx12|x86.Build.0 = Profile|Gaming.Desktop.x64
		{144CFBAE-FEAD-4FE5-A40C-B9E72DFC9207}.Release|Gaming.Desktop.x64.ActiveCfg = Release|Gaming.Desktop.x64
		{144CFBAE-FEAD-4FE5-A40C-B9E72DFC9207}.Release|Gaming.Desktop.x64.Build.0 = Release|Gaming.Desktop.x64
		{144CFBAE-FEAD-4FE5-A40C-B9E72DFC9207}.Release|Windows.ActiveCfg = Release|Gaming.Desktop.x64
		{144CFBAE-FEAD-4FE5-A40C-B9E72DFC9207}.Release|Windows.Build.0 = Release|Gaming.Desktop.x64
		{144CFBAE-FEAD-4FE5-A40C-B9E72DFC9207}.Release|x64.ActiveCfg = Release|Gaming.Desktop.x64
		{144CFBAE-FEAD-4FE5-A40C-B9E72DFC9207}.Release|x64.Build.0 = Release|Gaming.Desktop.x64
		{144CFBAE-FEAD-4FE5-A40C-B9E72DFC9207}.Release|x86.ActiveCfg = Release|Gaming.Desktop.x64
		{144CFBAE-FEAD-4FE5-A40C-B9E72DFC9207}.Release|x86.Build.0 = Release|Gaming.Desktop.x64
		{144CFBAE-FEAD-4FE5-A40C-B9E72DFC9207}.Release-Dx12|Gaming.Desktop.x64.ActiveCfg = Release|Gaming.Desktop.x64
		{144CFBAE-FEAD-4FE5-A40C-B9E72DFC9207}.Release-Dx12|Gaming.Desktop.x64.Build.0 = Release|Gaming.Desktop.x64
		{144CFBAE-FEAD-4FE5-A40C-B9E72DFC9207}.Release-Dx12|Windows.ActiveCfg = Release|Gaming.Desktop.x64
		{144CFBAE-FEAD-4FE5-A40C-B9E72DFC9207}.Release-Dx12|Windows.Build.0 = Release|Gaming.Desktop.x64
		{144CFBAE-FEAD-4FE5-A40C-B9E72DFC9207}.Release-Dx12|x64.ActiveCfg = Release|Gaming.Desktop.x64
		{144CFBAE-FEAD-4FE5-A40C-B9E72DFC9207}.Release-Dx12|x64.Build.0 = Release|Gaming.Desktop.x64
		{144CFBAE-FEAD-4FE5-A40C-B9E72DFC9207}.Release-Dx12|x86.ActiveCfg = Release|Gaming.Desktop.x64
		{144CFBAE-FEAD-4FE5-A40C-B9E72DFC9207}.Release-Dx12|x86.Build.0 = Release|Gaming.Desktop.x64
		{C452F962-6478-43E7-A79B-B2C3CB570E31}.Debug|Gaming.Desktop.x64.ActiveCfg = Debug|x64
		{C452F962-6478-43E7-A79B-B2C3CB570E31}.Debug|Gaming.Desktop.x64.Build.0 = Debug|x64
		{C452F962-6478-43E7-A79B-B2C3CB570E31}.Debug|Windows.ActiveCfg = Debug|x64
		{C452F962-6478-43E7-A79B-B2C3CB570E31}.Debug|Windows.Build.0 = Debug|x64
		{C452F962-6478-43E7-A79B-B2C3CB570E31}.Debug|x64.ActiveCfg = Debug|x64
		{C452F962-6478-43E7-A79B-B2C3CB570E31}.Debug|x64.Build.0 = Debug|x64
		{C452F962-6478-43E7-A79B-B2C3CB570E31}.Debug|x86.ActiveCfg = Debug|Win32
		{C452F962-6478-43E7-A79B-B2C3CB570E31}.Debug|x86.Build.0 = Debug|Win32
		{C452F962-6478-43E7-A79B-B2C3CB570E31}.Debug-Dx12|Gaming.Desktop.x64.ActiveCfg = Debug|x64
		{C452F962-6478-43E7-A79B-B2C3CB570E31}.Debug-Dx12|Gaming.Desktop.x64.Build.0 = Debug|x64
		{C452F962-6478-43E7-A79B-B2C3CB570E31}.Debug-Dx12|Windows.ActiveCfg = Debug|x64
		{C452F962-6478-43E7-A79B-B2C3CB570E31}.Debug-Dx12|Windows.Build.0 = Debug|x64
		{C452F962-6478-43E7-A79B-B2C3CB570E31}.Debug-Dx12|x64.ActiveCfg = Debug|x64
		{C452F962-6478-43E7-A79B-B2C3CB570E31}.Debug-Dx12|x64.Build.0 = Debug|x64
		{C452F962-6478-43E7-A79B-B2C3CB570E31}.Debug-Dx12|x86.ActiveCfg = Debug|Win32
		{C452F962-6478-43E7-A79B-B2C3CB570E31}.Debug-Dx12|x86.Build.0 = Debug|Win32
		{C452F962-6478-43E7-A79B-B2C3CB570E31}.Profile|Gaming.Desktop.x64.ActiveCfg = Debug|x64
		{C452F962-6478-43E7-A79B-B2C3CB570E31}.Profile|Gaming.Desktop.x64.Build.0 = Debug|x64
		{C452F962-6478-43E7-A79B-B2C3CB570E31}.Profile|Windows.ActiveCfg = Debug|x64
		{C452F962-6478-43E7-A79B-B2C3CB570E31}.Profile|Windows.Build.0 = Debug|x64
		{C452F962-6478-43E7-A79B-B2C3CB570E31}.Profile|x64.ActiveCfg = Debug|x64
		{C452F962-6478-43E7-A79B-B2C3CB570E31}.Profile|x64.Build.0 = Debug|x64
		{C452F962-6478-43E7-A79B-B2C3CB570E31}.Profile|x86.ActiveCfg = Debug|Win32
		{C452F962-6478-43E7-A79B-B2C3CB570E31}.Profile|x86.Build.0 = Debug|Win32
		{C452F962-6478-43E7-A79B-B2C3CB570E31}.Profile-Dx12|Gaming.Desktop.x64.ActiveCfg = Debug|x64
		{C452F962-6478-43E7-A79B-B2C3CB570E31}.Profile-Dx12|Gaming.Desktop.x64.Build.0 = Debug|x64
		{C452F962-6478-43E7-A79B-B2C3CB570E31}.Profile-Dx12|Windows.ActiveCfg = Debug|x64
		{C452F962-6478-43E7-A79B-B2C3CB570E31}.Profile-Dx12|Windows.Build.0 = Debug|x64
		{C452F962-6478-43E7-A79B-B2C3CB570E31}.Profile-Dx12|x64.ActiveCfg = Debug|x64
		{C452F962-6478-43E7-A79B-B2C3CB570E31}.Profile-Dx12|x64.Build.0 = Debug|x64
		{C452F962-6478-43E7-A79B-B2C3CB570E31}.Profile-Dx12|x86.ActiveCfg = Debug|Win32
		{C452F962-6478-43E7-A79B-B2C3CB570E31}.Profile-Dx12|x86.Build.0 = Debug|Win32
		{C452F962-6478-43E7-A79B-B2C3CB570E31}.Release|Gaming.Desktop.x64.ActiveCfg = Release|x64
		{C452F962-6478-43E7-A79B-B2C3CB570E31}.Release|Gaming.Desktop.x64.Build.0 = Release|x64
		{C452F962-6478-43E7-A79B-B2C3CB570E31}.Release|Windows.ActiveCfg = Release|x64
		{C452F962-6478-43E7-A79B-B2C3CB570E31}.Release|Windows.Build.0 = Release|x64
		{C452F962-6478-43E7-A79B-B2C3CB570E31}.Release|x64.ActiveCfg = Release|x64
		{C452F962-6478-43E7-A79B-B2C3CB570E31}.Release|x64.Build.0 = Release|x64
		{C452F962-6478-43E7-A79B-B2C3CB570E31}.Release|x86.ActiveCfg = Release|Win32
		{C452F962-6478-43E7-A79B-B2C3CB570E31}.Release|x86.Build.0 = Release|Win32
		{C452F962-6478-43E7-A79B-B2C3CB570E31}.Release-Dx12|Gaming.Desktop.x64.ActiveCfg = Release|x64
		{C452F962-6478-43E7-A79B-B2C3CB570E31}.Release-Dx12|Gaming.Desktop.x64.Build.0 = Release|x64
		{C452F962-6478-43E7-A79B-B2C3CB570E31}.Release-Dx12|Windows.ActiveCfg = Release|x64
		{C452F962-6478-43E7-A79B-B2C3CB570E31}.Release-Dx12|Windows.Build.0 = Release|x64
		{C452F962-6478-43E7-A79B-B2C3CB570E31}.Release-Dx12|x64.ActiveCfg = Release|x64
		{C452F962-6478-43E7-A79B-B2C3CB570E31}.Release-Dx12|x64.Build.0 = Release|x64
		{C452F962-6478-43E7-A79B-B2C3CB570E31}.Release-Dx12|x86.ActiveCfg = Release|Win32
		{C452F962-6478-43E7-A79B-B2C3CB570E31}.Release-Dx12|x86.Build.0 = Release|Win32
	EndGlobalSection
	GlobalSection(SolutionProperties) = preSolution
		HideSolutionNode = FALSE
	EndGlobalSection
	GlobalSection(NestedProjects) = preSolution
		{C452F962-6478-43E7-A79B-B2C3CB570E31} = {881EF9A0-9236-474D-9E7D-B202EB9D0C0C}
	EndGlobalSection
	GlobalSection(ExtensibilityGlobals) = postSolution
		SolutionGuid = {BB3675E6-A457-4437-ABD4-94CC9C23DDDE}
	EndGlobalSection
EndGlobal
