
Microsoft Visual Studio Solution File, Format Version 12.00
# Visual Studio Version 17
VisualStudioVersion = 17.3.32929.385
MinimumVisualStudioVersion = 10.0.40219.1
Project("{FAE04EC0-301F-11D3-BF4B-00C04F79EFBC}") = "SceneConverter", "SceneConverter\SceneConverter.csproj", "{2778B7EB-F132-4F3A-B103-BD88E4160B48}"
EndProject
Global
	GlobalSection(SolutionConfigurationPlatforms) = preSolution
		Debug|Any CPU = Debug|Any CPU
		Release|Any CPU = Release|Any CPU
	EndGlobalSection
	GlobalSection(ProjectConfigurationPlatforms) = postSolution
		{2778B7EB-F132-4F3A-B103-BD88E4160B48}.Debug|Any CPU.ActiveCfg = Debug|Any CPU
		{2778B7EB-F132-4F3A-B103-BD88E4160B48}.Debug|Any CPU.Build.0 = Debug|Any CPU
		{2778B7EB-F132-4F3A-B103-BD88E4160B48}.Release|Any CPU.ActiveCfg = Release|Any CPU
		{2778B7EB-F132-4F3A-B103-BD88E4160B48}.Release|Any CPU.Build.0 = Release|Any CPU
	EndGlobalSection
	GlobalSection(SolutionProperties) = preSolution
		HideSolutionNode = FALSE
	EndGlobalSection
	GlobalSection(ExtensibilityGlobals) = postSolution
		SolutionGuid = {6F3E469C-979F-40F5-8BF4-C86140F8D27A}
	EndGlobalSection
EndGlobal
