<?xml version="1.0" encoding="utf-8"?>
<Project ToolsVersion="15.0" xmlns="http://schemas.microsoft.com/developer/msbuild/2003">
  <ItemGroup>
    <Filter Include="include">
      <UniqueIdentifier>{1986587a-15cd-4e9b-9427-ff73e694580e}</UniqueIdentifier>
    </Filter>
    <Filter Include="src">
      <UniqueIdentifier>{2b6fa81d-5f3d-4557-993c-3960e3e4ce47}</UniqueIdentifier>
    </Filter>
    <Filter Include="include\phx">
      <UniqueIdentifier>{23fde73e-fb18-4785-a4d8-e4da74346916}</UniqueIdentifier>
    </Filter>
    <Filter Include="include\phx\core">
      <UniqueIdentifier>{605c97e4-a0b5-4a94-b38b-e8c91bed17e2}</UniqueIdentifier>
    </Filter>
    <Filter Include="src\core">
      <UniqueIdentifier>{42b70a93-3071-4a2f-9980-12feccd3667d}</UniqueIdentifier>
    </Filter>
    <Filter Include="include\phx\rhi">
      <UniqueIdentifier>{a44770e3-80fc-4348-b8b1-0f4ddd034e3b}</UniqueIdentifier>
    </Filter>
    <Filter Include="src\rhi">
      <UniqueIdentifier>{b082c106-4639-4661-af2a-f233317bc1b2}</UniqueIdentifier>
    </Filter>
    <Filter Include="src\rhi\dx12">
      <UniqueIdentifier>{74e80790-49d8-402a-8288-20f698320ba9}</UniqueIdentifier>
    </Filter>
    <Filter Include="include\phx\rhi\dx12">
      <UniqueIdentifier>{2fa37a16-b73e-4a3e-888c-2453d223e87e}</UniqueIdentifier>
    </Filter>
    <Filter Include="include\phx\renderer">
      <UniqueIdentifier>{5ee41319-f492-4487-895e-525856027b32}</UniqueIdentifier>
    </Filter>
    <Filter Include="src\renderer">
      <UniqueIdentifier>{577468c6-3d39-4f21-9ebc-28eb446dee6c}</UniqueIdentifier>
    </Filter>
    <Filter Include="src\renderer\ImGui">
      <UniqueIdentifier>{a3932928-4a16-4374-806b-4080b062ad8c}</UniqueIdentifier>
    </Filter>
  </ItemGroup>
  <ItemGroup>
    <ClInclude Include="pch.h" />
    <ClInclude Include="..\..\include\phx\core\BinaryBuilder.h">
      <Filter>include\phx\core</Filter>
    </ClInclude>
    <ClInclude Include="..\..\include\phx\core\CommandLineArgs.h">
      <Filter>include\phx\core</Filter>
    </ClInclude>
    <ClInclude Include="..\..\include\phx\core\EnumUtils.h">
      <Filter>include\phx\core</Filter>
    </ClInclude>
    <ClInclude Include="..\..\include\phx\core\JobSystem.h">
      <Filter>include\phx\core</Filter>
    </ClInclude>
    <ClInclude Include="..\..\include\phx\core\Log.h">
      <Filter>include\phx\core</Filter>
    </ClInclude>
    <ClInclude Include="..\..\include\phx\core\Math.h">
      <Filter>include\phx\core</Filter>
    </ClInclude>
    <ClInclude Include="..\..\include\phx\core\Memory.h">
      <Filter>include\phx\core</Filter>
    </ClInclude>
    <ClInclude Include="..\..\include\phx\core\Platform.h">
      <Filter>include\phx\core</Filter>
    </ClInclude>
    <ClInclude Include="..\..\include\phx\core\PlatformDetection.h">
      <Filter>include\phx\core</Filter>
    </ClInclude>
    <ClInclude Include="..\..\include\phx\core\RefCountPtr.h">
      <Filter>include\phx\core</Filter>
    </ClInclude>
    <ClInclude Include="..\..\include\phx\core\RingBuffer.h">
      <Filter>include\phx\core</Filter>
    </ClInclude>
    <ClInclude Include="..\..\include\phx\core\Span.h">
      <Filter>include\phx\core</Filter>
    </ClInclude>
    <ClInclude Include="..\..\include\phx\core\StringHash.h">
      <Filter>include\phx\core</Filter>
    </ClInclude>
    <ClInclude Include="..\..\include\phx\core\SystemTime.h">
      <Filter>include\phx\core</Filter>
    </ClInclude>
    <ClInclude Include="..\..\include\phx\core\VFS.h">
      <Filter>include\phx\core</Filter>
    </ClInclude>
    <ClInclude Include="..\..\include\phx\rhi\Handle.h">
      <Filter>include\phx\rhi</Filter>
    </ClInclude>
    <ClInclude Include="..\..\include\phx\rhi\ResourcePool.h">
      <Filter>include\phx\rhi</Filter>
    </ClInclude>
    <ClInclude Include="..\..\include\phx\rhi\GfxDevice.h">
      <Filter>include\phx\rhi</Filter>
    </ClInclude>
    <ClInclude Include="..\..\include\phx\rhi\ShaderCompiler.h">
      <Filter>include\phx\rhi</Filter>
    </ClInclude>
    <ClInclude Include="..\..\include\phx\rhi\RHITypes.h">
      <Filter>include\phx\rhi</Filter>
    </ClInclude>
    <ClInclude Include="..\..\include\phx\rhi\dx12\Dx12GfxDevice.h">
      <Filter>include\phx\rhi\dx12</Filter>
    </ClInclude>
    <ClInclude Include="..\..\include\phx\rhi\dx12\RHIPlatformTypes.h">
      <Filter>include\phx\rhi\dx12</Filter>
    </ClInclude>
    <ClInclude Include="..\..\include\phx\EngineCore.h">
      <Filter>include\phx</Filter>
    </ClInclude>
    <ClInclude Include="..\..\include\phx\core\StringUtils.h">
      <Filter>include\phx\core</Filter>
    </ClInclude>
    <ClInclude Include="..\..\include\phx\rhi\CommandCtx.h">
      <Filter>include\phx\rhi</Filter>
    </ClInclude>
    <ClInclude Include="..\..\include\phx\rhi\dx12\Dx12Common.h">
      <Filter>include\phx\rhi\dx12</Filter>
    </ClInclude>
    <ClInclude Include="..\..\include\phx\rhi\dx12\Dx12DescriptorHeaps.h">
      <Filter>include\phx\rhi\dx12</Filter>
    </ClInclude>
    <ClInclude Include="..\..\include\phx\rhi\dx12\Dx12CommandQueue.h">
      <Filter>include\phx\rhi\dx12</Filter>
    </ClInclude>
    <ClInclude Include="..\..\include\phx\rhi\dx12\Dx12DeviceResources.h">
      <Filter>include\phx\rhi\dx12</Filter>
    </ClInclude>
    <ClInclude Include="..\..\include\phx\renderer\ImGuiRenderer.h">
      <Filter>include\phx\renderer</Filter>
    </ClInclude>
    <ClInclude Include="..\..\src\renderer\ImGui\imgui_impl_win32.h">
      <Filter>src\renderer\ImGui</Filter>
    </ClInclude>
  </ItemGroup>
  <ItemGroup>
    <ClCompile Include="pch.cpp" />
    <ClCompile Include="..\..\src\core\CommandLineArgs.cpp">
      <Filter>src\core</Filter>
    </ClCompile>
    <ClCompile Include="..\..\src\core\JobSystem.cpp">
      <Filter>src\core</Filter>
    </ClCompile>
    <ClCompile Include="..\..\src\core\Log.cpp">
      <Filter>src\core</Filter>
    </ClCompile>
    <ClCompile Include="..\..\src\core\Memory.cpp">
      <Filter>src\core</Filter>
    </ClCompile>
    <ClCompile Include="..\..\src\core\SystemTimer.cpp">
      <Filter>src\core</Filter>
    </ClCompile>
    <ClCompile Include="..\..\src\core\VFS.cpp">
      <Filter>src\core</Filter>
    </ClCompile>
    <ClCompile Include="..\..\src\rhi\GfxDevice.cpp">
      <Filter>src\rhi</Filter>
    </ClCompile>
    <ClCompile Include="..\..\src\rhi\ShaderCompiler_DXC.cpp">
      <Filter>src\rhi</Filter>
    </ClCompile>
    <ClCompile Include="..\..\src\EngineCore.cpp">
      <Filter>src</Filter>
    </ClCompile>
    <ClCompile Include="..\..\src\rhi\dx12\Dx12DescriptorHeaps.cpp">
      <Filter>src\rhi\dx12</Filter>
    </ClCompile>
    <ClCompile Include="..\..\src\rhi\dx12\Dx12DxgiFormatMapping.cpp">
      <Filter>src\rhi\dx12</Filter>
    </ClCompile>
    <ClCompile Include="..\..\src\rhi\dx12\Dx12GfxDevice.cpp">
      <Filter>src\rhi\dx12</Filter>
    </ClCompile>
    <ClCompile Include="..\..\src\rhi\dx12\Dx12CommandQueue.cpp">
      <Filter>src\rhi\dx12</Filter>
    </ClCompile>
    <ClCompile Include="..\..\src\renderer\ImGuiRenderer.cpp">
      <Filter>src\renderer</Filter>
    </ClCompile>
    <ClCompile Include="..\..\src\renderer\ImGui\imgui_impl_win32.cpp">
      <Filter>src\renderer\ImGui</Filter>
    </ClCompile>
  </ItemGroup>
  <ItemGroup>
    <None Include="packages.config" />
  </ItemGroup>
  <ItemGroup>
    <CopyFileToFolders Include="..\..\..\3rdParty\dxc\lib\x64\dxcompiler.lib" />
  </ItemGroup>
</Project>