<?xml version="1.0" encoding="utf-8"?>
<Project ToolsVersion="15.0" xmlns="http://schemas.microsoft.com/developer/msbuild/2003">
  <ItemGroup>
    <Filter Include="Source Files">
      <UniqueIdentifier>{4FC737F1-C7A5-4376-A066-2A32D752A2FF}</UniqueIdentifier>
      <Extensions>cpp;c;cc;cxx;def;odl;idl;hpj;bat;asm;asmx</Extensions>
    </Filter>
    <Filter Include="Header Files">
      <UniqueIdentifier>{93995380-89BD-4b04-88EB-625FBE52EBFB}</UniqueIdentifier>
      <Extensions>h;hpp;hxx;hm;inl;inc;xsd</Extensions>
    </Filter>
    <Filter Include="Resource Files">
      <UniqueIdentifier>{67DA6AB6-F800-4c08-8B7A-83BB121AAD01}</UniqueIdentifier>
      <Extensions>rc;ico;cur;bmp;dlg;rc2;rct;bin;rgs;gif;jpg;jpeg;jpe;resx;tiff;tif;png;wav;mfcribbon-ms</Extensions>
    </Filter>
    <Filter Include="Header Files\D3D12">
      <UniqueIdentifier>{d2848b47-4689-409b-8847-41d4d69cd49c}</UniqueIdentifier>
    </Filter>
    <Filter Include="Source Files\D3D12">
      <UniqueIdentifier>{54594189-3cee-4020-8608-61e3ced62eeb}</UniqueIdentifier>
    </Filter>
  </ItemGroup>
  <ItemGroup>
    <ClInclude Include="pch.h">
      <Filter>Header Files</Filter>
    </ClInclude>
    <ClInclude Include="phxEngineCore.h">
      <Filter>Header Files</Filter>
    </ClInclude>
    <ClInclude Include="phxDisplay.h">
      <Filter>Header Files</Filter>
    </ClInclude>
    <ClInclude Include="phxCommandLineArgs.h">
      <Filter>Header Files</Filter>
    </ClInclude>
    <ClInclude Include="phxGfxCore.h">
      <Filter>Header Files</Filter>
    </ClInclude>
    <ClInclude Include="phxSystemTime.h">
      <Filter>Header Files</Filter>
    </ClInclude>
    <ClInclude Include="phxGfxCommonResources.h">
      <Filter>Header Files</Filter>
    </ClInclude>
    <ClInclude Include="phxDeferredReleaseQueue.h">
      <Filter>Header Files</Filter>
    </ClInclude>
    <ClInclude Include="D3D12\phxGfxPlatformDevice.h">
      <Filter>Header Files\D3D12</Filter>
    </ClInclude>
    <ClInclude Include="D3D12\phxGfxPlatformResources.h">
      <Filter>Header Files\D3D12</Filter>
    </ClInclude>
    <ClInclude Include="phxLog.h">
      <Filter>Header Files</Filter>
    </ClInclude>
    <ClInclude Include="D3D12\phxGfxPlatformCommon.h">
      <Filter>Header Files\D3D12</Filter>
    </ClInclude>
    <ClInclude Include="phxEnumUtils.h">
      <Filter>Header Files</Filter>
    </ClInclude>
    <ClInclude Include="D3D12\phxGfxDescriptorHeap.h">
      <Filter>Header Files\D3D12</Filter>
    </ClInclude>
  </ItemGroup>
  <ItemGroup>
    <ClCompile Include="pch.cpp">
      <Filter>Source Files</Filter>
    </ClCompile>
    <ClCompile Include="phxEngineCore.cpp">
      <Filter>Source Files</Filter>
    </ClCompile>
    <ClCompile Include="phxDisplay.cpp">
      <Filter>Source Files</Filter>
    </ClCompile>
    <ClCompile Include="phxCommandLineArgs.cpp">
      <Filter>Header Files</Filter>
    </ClCompile>
    <ClCompile Include="phxGfxCore.cpp">
      <Filter>Header Files</Filter>
    </ClCompile>
    <ClCompile Include="phxSystemTimer.cpp">
      <Filter>Source Files</Filter>
    </ClCompile>
    <ClCompile Include="phxDeferredReleaseQueue.cpp">
      <Filter>Header Files</Filter>
    </ClCompile>
    <ClCompile Include="D3D12\phxGfxPlatformDevice.cpp">
      <Filter>Source Files\D3D12</Filter>
    </ClCompile>
    <ClCompile Include="D3D12\phxGfxDxgiFormatMapping.cpp">
      <Filter>Source Files\D3D12</Filter>
    </ClCompile>
    <ClCompile Include="D3D12\phxGfxDescriptorHeap.cpp">
      <Filter>Source Files\D3D12</Filter>
    </ClCompile>
  </ItemGroup>
  <ItemGroup>
    <None Include="packages.config" />
  </ItemGroup>
</Project>