<?xml version="1.0" encoding="utf-8"?>
<Project ToolsVersion="4.0" xmlns="http://schemas.microsoft.com/developer/msbuild/2003">
  <ItemGroup>
    <ClInclude Include="PhxEngine.h" />
    <ClInclude Include="Core\EntryPoint.h">
      <Filter>Core</Filter>
    </ClInclude>
    <ClInclude Include="Core\Application.h">
      <Filter>Core</Filter>
    </ClInclude>
    <ClInclude Include="phxpch.h" />
    <ClInclude Include="Core\TimeStep.h">
      <Filter>Core</Filter>
    </ClInclude>
    <ClInclude Include="Core\StopWatch.h">
      <Filter>Core</Filter>
    </ClInclude>
    <ClInclude Include="RHI\PhxRHI.h">
      <Filter>RHI</Filter>
    </ClInclude>
    <ClInclude Include="Core\Platform.h">
      <Filter>Core</Filter>
    </ClInclude>
    <ClInclude Include="RHI\Dx12\BiindlessDescriptorTable.h">
      <Filter>RHI\Dx12</Filter>
    </ClInclude>
    <ClInclude Include="RHI\Dx12\CommandAllocatorPool.h">
      <Filter>RHI\Dx12</Filter>
    </ClInclude>
    <ClInclude Include="RHI\Dx12\CommandList.h">
      <Filter>RHI\Dx12</Filter>
    </ClInclude>
    <ClInclude Include="RHI\Dx12\CommandQueue.h">
      <Filter>RHI\Dx12</Filter>
    </ClInclude>
    <ClInclude Include="RHI\Dx12\Common.h">
      <Filter>RHI\Dx12</Filter>
    </ClInclude>
    <ClInclude Include="RHI\Dx12\DescriptorHeap.h">
      <Filter>RHI\Dx12</Filter>
    </ClInclude>
    <ClInclude Include="RHI\Dx12\GraphicsDevice.h">
      <Filter>RHI\Dx12</Filter>
    </ClInclude>
    <ClInclude Include="RHI\Dx12\PhxRHI_Dx12.h">
      <Filter>RHI\Dx12</Filter>
    </ClInclude>
    <ClInclude Include="RHI\Dx12\RootSignatureBuilder.h">
      <Filter>RHI\Dx12</Filter>
    </ClInclude>
    <ClInclude Include="RHI\Dx12\UploadBuffer.h">
      <Filter>RHI\Dx12</Filter>
    </ClInclude>
    <ClInclude Include="RHI\Dx12\d3dx12.h">
      <Filter>RHI\Dx12</Filter>
    </ClInclude>
  </ItemGroup>
  <ItemGroup>
    <Filter Include="Core">
      <UniqueIdentifier>{0d44b46a-f0b5-4f3a-bcaa-27884974a40c}</UniqueIdentifier>
    </Filter>
    <Filter Include="RHI">
      <UniqueIdentifier>{a61f0643-fd91-4e27-9499-61249cf9e576}</UniqueIdentifier>
    </Filter>
    <Filter Include="RHI\Dx12">
      <UniqueIdentifier>{d2af42ca-7d13-4335-841a-0e43832ec792}</UniqueIdentifier>
    </Filter>
  </ItemGroup>
  <ItemGroup>
    <ClCompile Include="Core\Application.cpp">
      <Filter>Core</Filter>
    </ClCompile>
    <ClCompile Include="phxpch.cpp" />
    <ClCompile Include="RHI\Dx12\BiindlessDescriptorTable.cpp">
      <Filter>RHI\Dx12</Filter>
    </ClCompile>
    <ClCompile Include="RHI\Dx12\CommandAllocatorPool.cpp">
      <Filter>RHI\Dx12</Filter>
    </ClCompile>
    <ClCompile Include="RHI\Dx12\CommandList.cpp">
      <Filter>RHI\Dx12</Filter>
    </ClCompile>
    <ClCompile Include="RHI\Dx12\CommandQueue.cpp">
      <Filter>RHI\Dx12</Filter>
    </ClCompile>
    <ClCompile Include="RHI\Dx12\DescriptorHeap.cpp">
      <Filter>RHI\Dx12</Filter>
    </ClCompile>
    <ClCompile Include="RHI\Dx12\DxgiFormatMapping.cpp">
      <Filter>RHI\Dx12</Filter>
    </ClCompile>
    <ClCompile Include="RHI\Dx12\GraphicsDevice.cpp">
      <Filter>RHI\Dx12</Filter>
    </ClCompile>
    <ClCompile Include="RHI\Dx12\PhxRHI_Dx12.cpp">
      <Filter>RHI\Dx12</Filter>
    </ClCompile>
    <ClCompile Include="RHI\Dx12\RootSignatureBuilder.cpp">
      <Filter>RHI\Dx12</Filter>
    </ClCompile>
    <ClCompile Include="RHI\Dx12\UploadBuffer.cpp">
      <Filter>RHI\Dx12</Filter>
    </ClCompile>
  </ItemGroup>
  <ItemGroup>
    <None Include="packages.config" />
  </ItemGroup>
</Project>