<?xml version="1.0" encoding="utf-8"?>
<Project ToolsVersion="4.0" xmlns="http://schemas.microsoft.com/developer/msbuild/2003">
  <ItemGroup>
    <ClInclude Include="$(MSBuildThisFileDirectory)phxApplication.h" />
    <ClInclude Include="$(MSBuildThisFileDirectory)Core\phxPlatform.h">
      <Filter>Core</Filter>
    </ClInclude>
    <ClInclude Include="$(MSBuildThisFileDirectory)phxEngineCore.h" />
    <ClInclude Include="$(MSBuildThisFileDirectory)BaseInclude.h">
      <Filter>Core</Filter>
    </ClInclude>
  </ItemGroup>
  <ItemGroup>
    <Filter Include="Core">
      <UniqueIdentifier>{c338938b-6c44-4f0b-9b04-318a1bb5b4d9}</UniqueIdentifier>
    </Filter>
  </ItemGroup>
  <ItemGroup>
    <ClCompile Include="$(MSBuildThisFileDirectory)phxEngineCore.cpp" />
  </ItemGroup>
</Project>