<?xml version="1.0" encoding="utf-8"?>
<Project ToolsVersion="4.0" xmlns="http://schemas.microsoft.com/developer/msbuild/2003">
  <ItemGroup>
    <ClInclude Include="$(MSBuildThisFileDirectory)phxApplication.h" />
    <ClInclude Include="$(MSBuildThisFileDirectory)Core\phxPlatform.h">
      <Filter>Core</Filter>
    </ClInclude>
    <ClInclude Include="$(MSBuildThisFileDirectory)phxEngineCore.h" />
    <ClInclude Include="$(MSBuildThisFileDirectory)phxBaseInclude.h">
      <Filter>Core</Filter>
    </ClInclude>
    <ClInclude Include="$(MSBuildThisFileDirectory)Core\phxLog.h">
      <Filter>Core</Filter>
    </ClInclude>
    <ClInclude Include="$(MSBuildThisFileDirectory)Core\phxEnumArray.h">
      <Filter>Core</Filter>
    </ClInclude>
    <ClInclude Include="$(MSBuildThisFileDirectory)Core\phxEnumClassFlags.h">
      <Filter>Core</Filter>
    </ClInclude>
    <ClInclude Include="$(MSBuildThisFileDirectory)Core\phxStaticArray.h">
      <Filter>Core</Filter>
    </ClInclude>
    <ClInclude Include="$(MSBuildThisFileDirectory)Core\phxSpan.h">
      <Filter>Core</Filter>
    </ClInclude>
    <ClInclude Include="$(MSBuildThisFileDirectory)Core\phxHandle.h">
      <Filter>Core</Filter>
    </ClInclude>
    <ClInclude Include="$(MSBuildThisFileDirectory)Core\phxHandlePool.h">
      <Filter>Core</Filter>
    </ClInclude>
    <ClInclude Include="$(MSBuildThisFileDirectory)RHI\phxRHI.h">
      <Filter>RHI</Filter>
    </ClInclude>
    <ClInclude Include="$(MSBuildThisFileDirectory)Core\phxMemory.h">
      <Filter>Core</Filter>
    </ClInclude>
    <ClInclude Include="$(MSBuildThisFileDirectory)3rdParty\d3d12ma\D3D12MemAlloc.h">
      <Filter>3rdParty\D3D12MemAlloc</Filter>
    </ClInclude>
    <ClInclude Include="$(MSBuildThisFileDirectory)RHI\D3D12\d3dx12.h">
      <Filter>RHI\D3D12</Filter>
    </ClInclude>
    <ClInclude Include="$(MSBuildThisFileDirectory)RHI\D3D12\phxRHI_d3d12.h">
      <Filter>RHI\D3D12</Filter>
    </ClInclude>
    <ClInclude Include="$(MSBuildThisFileDirectory)Core\phxTimeStep.h">
      <Filter>Core</Filter>
    </ClInclude>
    <ClInclude Include="$(MSBuildThisFileDirectory)Core\phxBitSetAllocator.h">
      <Filter>Core</Filter>
    </ClInclude>
    <ClInclude Include="$(MSBuildThisFileDirectory)Core\phxMath.h">
      <Filter>Core</Filter>
    </ClInclude>
    <ClInclude Include="$(MSBuildThisFileDirectory)RHI\D3D12\phxD3D12BiindlessDescriptorTable.h">
      <Filter>RHI\D3D12</Filter>
    </ClInclude>
    <ClInclude Include="$(MSBuildThisFileDirectory)RHI\D3D12\phxD3D12CommandQueue.h">
      <Filter>RHI\D3D12</Filter>
    </ClInclude>
    <ClInclude Include="$(MSBuildThisFileDirectory)RHI\D3D12\phxD3D12Common.h">
      <Filter>RHI\D3D12</Filter>
    </ClInclude>
    <ClInclude Include="$(MSBuildThisFileDirectory)RHI\D3D12\phxD3D12DescriptorHeap.h">
      <Filter>RHI\D3D12</Filter>
    </ClInclude>
    <ClInclude Include="$(MSBuildThisFileDirectory)RHI\D3D12\phxD3D12UploadBuffer.h">
      <Filter>RHI\D3D12</Filter>
    </ClInclude>
    <ClInclude Include="$(MSBuildThisFileDirectory)Renderer\phxRenderSystem.h">
      <Filter>Renderer</Filter>
    </ClInclude>
    <ClInclude Include="$(MSBuildThisFileDirectory)Renderer\phxRendererForward.h">
      <Filter>Renderer</Filter>
    </ClInclude>
    <ClInclude Include="$(MSBuildThisFileDirectory)3rdParty\entt\entt.hpp">
      <Filter>3rdParty\entt</Filter>
    </ClInclude>
    <ClInclude Include="$(MSBuildThisFileDirectory)World\phxWorld.h">
      <Filter>World</Filter>
    </ClInclude>
    <ClInclude Include="$(MSBuildThisFileDirectory)World\phxEntity.h">
      <Filter>World</Filter>
    </ClInclude>
    <ClInclude Include="$(MSBuildThisFileDirectory)Core\phxUUID.h">
      <Filter>Core</Filter>
    </ClInclude>
    <ClInclude Include="$(MSBuildThisFileDirectory)World\phxComponents.h">
      <Filter>World</Filter>
    </ClInclude>
    <ClInclude Include="$(MSBuildThisFileDirectory)Core\phxStringHash.h">
      <Filter>Core</Filter>
    </ClInclude>
    <ClInclude Include="$(MSBuildThisFileDirectory)Renderer\phxRenderComponents.h">
      <Filter>Renderer</Filter>
    </ClInclude>
    <ClInclude Include="$(MSBuildThisFileDirectory)World\phxPrefabFactory.h">
      <Filter>World</Filter>
    </ClInclude>
    <ClInclude Include="$(MSBuildThisFileDirectory)Core\phxRefCountPtr.h">
      <Filter>Core</Filter>
    </ClInclude>
    <ClInclude Include="$(MSBuildThisFileDirectory)Core\phxPrimitives.h">
      <Filter>Core</Filter>
    </ClInclude>
  </ItemGroup>
  <ItemGroup>
    <Filter Include="Core">
      <UniqueIdentifier>{c338938b-6c44-4f0b-9b04-318a1bb5b4d9}</UniqueIdentifier>
    </Filter>
    <Filter Include="RHI">
      <UniqueIdentifier>{236468f3-5c07-4192-8c4e-97b6a8c58416}</UniqueIdentifier>
    </Filter>
    <Filter Include="3rdParty">
      <UniqueIdentifier>{6f009b8f-ce55-4930-9061-c0690283a527}</UniqueIdentifier>
    </Filter>
    <Filter Include="3rdParty\D3D12MemAlloc">
      <UniqueIdentifier>{7adb1beb-9d8a-4518-9a99-42f9af59680a}</UniqueIdentifier>
    </Filter>
    <Filter Include="RHI\D3D12">
      <UniqueIdentifier>{766450f4-0f55-44e5-be66-5b1ef7e6a1e0}</UniqueIdentifier>
    </Filter>
    <Filter Include="Renderer">
      <UniqueIdentifier>{7799392d-ddcb-4ec1-a59d-78de5bb83d3a}</UniqueIdentifier>
    </Filter>
    <Filter Include="3rdParty\entt">
      <UniqueIdentifier>{1997f0a2-3251-4d32-adaa-ba87f85f58bd}</UniqueIdentifier>
    </Filter>
    <Filter Include="World">
      <UniqueIdentifier>{a106e905-17a7-4b4e-bf2b-06315c0ccd92}</UniqueIdentifier>
    </Filter>
  </ItemGroup>
  <ItemGroup>
    <ClCompile Include="$(MSBuildThisFileDirectory)phxEngineCore.cpp" />
    <ClCompile Include="$(MSBuildThisFileDirectory)Core\phxLog.cpp">
      <Filter>Core</Filter>
    </ClCompile>
    <ClCompile Include="$(MSBuildThisFileDirectory)RHI\phxRHI.cpp">
      <Filter>RHI</Filter>
    </ClCompile>
    <ClCompile Include="$(MSBuildThisFileDirectory)3rdParty\d3d12ma\D3D12MemAlloc.cpp">
      <Filter>3rdParty\D3D12MemAlloc</Filter>
    </ClCompile>
    <ClCompile Include="$(MSBuildThisFileDirectory)RHI\D3D12\phxRHI_d3d12.cpp">
      <Filter>RHI\D3D12</Filter>
    </ClCompile>
    <ClCompile Include="$(MSBuildThisFileDirectory)Core\phxMemory.cpp">
      <Filter>Core</Filter>
    </ClCompile>
    <ClCompile Include="$(MSBuildThisFileDirectory)RHI\D3D12\phxD3D12CommandQueue.cpp">
      <Filter>RHI\D3D12</Filter>
    </ClCompile>
    <ClCompile Include="$(MSBuildThisFileDirectory)RHI\D3D12\phxD3D12DescriptorHeap.cpp">
      <Filter>RHI\D3D12</Filter>
    </ClCompile>
    <ClCompile Include="$(MSBuildThisFileDirectory)RHI\D3D12\phxD3D12UploadBuffer.cpp">
      <Filter>RHI\D3D12</Filter>
    </ClCompile>
    <ClCompile Include="$(MSBuildThisFileDirectory)RHI\D3D12\phxDxgiFormatMapping.cpp">
      <Filter>RHI\D3D12</Filter>
    </ClCompile>
    <ClCompile Include="$(MSBuildThisFileDirectory)Core\phxBitSetAllocator.cpp">
      <Filter>Core</Filter>
    </ClCompile>
    <ClCompile Include="$(MSBuildThisFileDirectory)Renderer\phxRendererForward.cpp">
      <Filter>Renderer</Filter>
    </ClCompile>
    <ClCompile Include="$(MSBuildThisFileDirectory)World\phxWorld.cpp">
      <Filter>World</Filter>
    </ClCompile>
    <ClCompile Include="$(MSBuildThisFileDirectory)World\phxEntity.cpp">
      <Filter>World</Filter>
    </ClCompile>
    <ClCompile Include="$(MSBuildThisFileDirectory)Core\phxUUID.cpp">
      <Filter>Core</Filter>
    </ClCompile>
    <ClCompile Include="$(MSBuildThisFileDirectory)Renderer\phxRenderSystemMesh.cpp">
      <Filter>Renderer</Filter>
    </ClCompile>
    <ClCompile Include="$(MSBuildThisFileDirectory)World\phxPrefabFactory.cpp">
      <Filter>World</Filter>
    </ClCompile>
    <ClCompile Include="$(MSBuildThisFileDirectory)Core\phxPrimitives.cpp">
      <Filter>Core</Filter>
    </ClCompile>
  </ItemGroup>
</Project>