<?xml version="1.0" encoding="utf-8"?>
<Project ToolsVersion="15.0" xmlns="http://schemas.microsoft.com/developer/msbuild/2003">
  <ItemGroup>
    <Filter Include="Resource Files">
      <UniqueIdentifier>{67DA6AB6-F800-4c08-8B7A-83BB121AAD01}</UniqueIdentifier>
      <Extensions>rc;ico;cur;bmp;dlg;rc2;rct;bin;rgs;gif;jpg;jpeg;jpe;resx;tiff;tif;png;wav;mfcribbon-ms</Extensions>
    </Filter>
    <Filter Include="EmberGfx">
      <UniqueIdentifier>{9efebb87-cbf6-428e-b617-b6995bab0603}</UniqueIdentifier>
    </Filter>
    <Filter Include="EmberGfx\D3D12">
      <UniqueIdentifier>{a731a9de-4e9f-4fb8-9a0d-46a99e0146b7}</UniqueIdentifier>
    </Filter>
    <Filter Include="EmberGfx\Fonts">
      <UniqueIdentifier>{1f8b7124-f56c-464f-b8db-c1200252232f}</UniqueIdentifier>
    </Filter>
    <Filter Include="EmberGfx\ImGui">
      <UniqueIdentifier>{6ead0aa1-d629-4342-b89d-e46bb06ee9e6}</UniqueIdentifier>
    </Filter>
    <Filter Include="EmberGfx\Shaders">
      <UniqueIdentifier>{b83ff36c-6eeb-4ae0-9f4c-5e1d28316da0}</UniqueIdentifier>
    </Filter>
    <Filter Include="EmberGfx\Vulkan">
      <UniqueIdentifier>{d5d039a6-d11c-41fc-a945-404e21114844}</UniqueIdentifier>
    </Filter>
    <Filter Include="3rdParty">
      <UniqueIdentifier>{ebd68c16-2de3-4b75-8e32-f799e2c22e1f}</UniqueIdentifier>
    </Filter>
    <Filter Include="Assets">
      <UniqueIdentifier>{dea6271b-5b70-413a-9ac1-6af75a7f7801}</UniqueIdentifier>
    </Filter>
  </ItemGroup>
  <ItemGroup>
    <ClInclude Include="EmberGfx\phxEmber.h">
      <Filter>EmberGfx</Filter>
    </ClInclude>
    <ClInclude Include="EmberGfx\D3D12\phxD3D12GpuDevice.h">
      <Filter>EmberGfx\D3D12</Filter>
    </ClInclude>
    <ClInclude Include="EmberGfx\phxHandle.h">
      <Filter>EmberGfx</Filter>
    </ClInclude>
    <ClInclude Include="EmberGfx\phxHandlePool.h">
      <Filter>EmberGfx</Filter>
    </ClInclude>
    <ClInclude Include="EmberGfx\phxGfxDeviceResources.h">
      <Filter>EmberGfx</Filter>
    </ClInclude>
    <ClInclude Include="EmberGfx\D3D12\phxGfxDescriptorHeapsD3D12.h">
      <Filter>EmberGfx\D3D12</Filter>
    </ClInclude>
    <ClInclude Include="EmberGfx\D3D12\phxGfxCommonD3D12.h">
      <Filter>EmberGfx\D3D12</Filter>
    </ClInclude>
    <ClInclude Include="EmberGfx\D3D12\phxCommandCtxD3D12.h">
      <Filter>EmberGfx\D3D12</Filter>
    </ClInclude>
    <ClInclude Include="phxRefCountPtr.h">
      <Filter>EmberGfx</Filter>
    </ClInclude>
    <ClInclude Include="EmberGfx\Fonts\phxLiberationSans.h">
      <Filter>EmberGfx\Fonts</Filter>
    </ClInclude>
    <ClInclude Include="EmberGfx\phxImGuiRenderer.h">
      <Filter>EmberGfx</Filter>
    </ClInclude>
    <ClInclude Include="EmberGfx\D3D12\phxGfxResourceRegistryD3D12.h">
      <Filter>EmberGfx\D3D12</Filter>
    </ClInclude>
    <ClInclude Include="EmberGfx\ImGui\imgui_impl_win32.h">
      <Filter>EmberGfx\ImGui</Filter>
    </ClInclude>
    <ClInclude Include="EmberGfx\D3D12\phxDynamicMemoryPageAllocatorD3D12.h">
      <Filter>EmberGfx\D3D12</Filter>
    </ClInclude>
    <ClInclude Include="EmberGfx\Vulkan\phxVulkanManager.h">
      <Filter>EmberGfx\Vulkan</Filter>
    </ClInclude>
    <ClInclude Include="EmberGfx\Vulkan\phxVulkanCore.h">
      <Filter>EmberGfx\Vulkan</Filter>
    </ClInclude>
    <ClInclude Include="EmberGfx\Vulkan\phxVulkanDevice.h">
      <Filter>EmberGfx\Vulkan</Filter>
    </ClInclude>
    <ClInclude Include="EmberGfx\phxShaderCompiler.h">
      <Filter>EmberGfx</Filter>
    </ClInclude>
    <ClInclude Include="3rdParty\vma\vk_mem_alloc.h">
      <Filter>3rdParty</Filter>
    </ClInclude>
    <ClInclude Include="EmberGfx\Vulkan\phxVulkanCommandCtx.h">
      <Filter>EmberGfx\Vulkan</Filter>
    </ClInclude>
    <ClInclude Include="EmberGfx\phxGpuDeviceInterface.h">
      <Filter>EmberGfx</Filter>
    </ClInclude>
    <ClInclude Include="EmberGfx\phxCommandCtxInterface.h">
      <Filter>EmberGfx</Filter>
    </ClInclude>
    <ClInclude Include="pch.h" />
    <ClInclude Include="phxCommandLineArgs.h" />
    <ClInclude Include="phxDeferredReleaseQueue.h" />
    <ClInclude Include="phxDisplay.h" />
    <ClInclude Include="phxEngineCore.h" />
    <ClInclude Include="phxEngineProfiler.h" />
    <ClInclude Include="phxEnumUtils.h" />
    <ClInclude Include="phxLog.h" />
    <ClInclude Include="phxMemory.h" />
    <ClInclude Include="phxPlatform.h" />
    <ClInclude Include="phxPlatformDetection.h" />
    <ClInclude Include="phxSpan.h" />
    <ClInclude Include="phxStringHash.h" />
    <ClInclude Include="phxSystemTime.h" />
    <ClInclude Include="phxVFS.h" />
    <ClInclude Include="3rdParty\d3d12ma\D3D12MemAlloc.h">
      <Filter>EmberGfx\D3D12</Filter>
    </ClInclude>
    <ClInclude Include="phxAssetFile.h" />
  </ItemGroup>
  <ItemGroup>
    <ClCompile Include="EmberGfx\phxEmber.cpp">
      <Filter>EmberGfx</Filter>
    </ClCompile>
    <ClCompile Include="EmberGfx\D3D12\phxD3D12GpuDevice.cpp">
      <Filter>EmberGfx\D3D12</Filter>
    </ClCompile>
    <ClCompile Include="EmberGfx\D3D12\phxGfxDescriptorHeapsD3D12.cpp">
      <Filter>EmberGfx\D3D12</Filter>
    </ClCompile>
    <ClCompile Include="EmberGfx\D3D12\phxGfxDxgiFormatMapping.cpp">
      <Filter>EmberGfx\D3D12</Filter>
    </ClCompile>
    <ClCompile Include="EmberGfx\D3D12\phxCommandCtxD3D12.cpp">
      <Filter>EmberGfx\D3D12</Filter>
    </ClCompile>
    <ClCompile Include="EmberGfx\phxImGuiRenderer.cpp">
      <Filter>EmberGfx</Filter>
    </ClCompile>
    <ClCompile Include="EmberGfx\D3D12\phxGfxResourceRegistryD3D12.cpp">
      <Filter>EmberGfx\D3D12</Filter>
    </ClCompile>
    <ClCompile Include="EmberGfx\ImGui\imgui_impl_win32.cpp">
      <Filter>EmberGfx\ImGui</Filter>
    </ClCompile>
    <ClCompile Include="EmberGfx\D3D12\phxDynamicMemoryPageAllocatorD3D12.cpp">
      <Filter>EmberGfx\D3D12</Filter>
    </ClCompile>
    <ClCompile Include="EmberGfx\Vulkan\phxVulkanManager.cpp">
      <Filter>EmberGfx\Vulkan</Filter>
    </ClCompile>
    <ClCompile Include="EmberGfx\Vulkan\phxVulkanDevice.cpp">
      <Filter>EmberGfx\Vulkan</Filter>
    </ClCompile>
    <ClCompile Include="EmberGfx\phxShaderCompiler_DXC.cpp">
      <Filter>EmberGfx</Filter>
    </ClCompile>
    <ClCompile Include="EmberGfx\Vulkan\phxVulkanCommandCtx.cpp">
      <Filter>EmberGfx\Vulkan</Filter>
    </ClCompile>
    <ClCompile Include="pch.cpp" />
    <ClCompile Include="phxCommandLineArgs.cpp" />
    <ClCompile Include="phxDeferredReleaseQueue.cpp" />
    <ClCompile Include="phxDisplay.cpp" />
    <ClCompile Include="phxEngineCore.cpp" />
    <ClCompile Include="phxEngineProfiler.cpp" />
    <ClCompile Include="phxLog.cpp" />
    <ClCompile Include="phxSystemTimer.cpp" />
    <ClCompile Include="phxVFS.cpp" />
    <ClCompile Include="phxMemory.cpp" />
    <ClCompile Include="phxAssetFile.cpp" />
  </ItemGroup>
  <ItemGroup>
    <None Include="packages.config" />
  </ItemGroup>
  <ItemGroup>
    <FxCompile Include="EmberGfx\Shaders\ImGuiPS.hlsl">
      <Filter>EmberGfx\Shaders</Filter>
    </FxCompile>
    <FxCompile Include="EmberGfx\Shaders\ImGuiVS.hlsl">
      <Filter>EmberGfx\Shaders</Filter>
    </FxCompile>
  </ItemGroup>
  <ItemGroup>
    <CopyFileToFolders Include="EmberGfx\dxcompiler.dll" />
    <CopyFileToFolders Include="EmberGfx\Shaders\ImGui.hlsl">
      <Filter>EmberGfx\Shaders</Filter>
    </CopyFileToFolders>
  </ItemGroup>
</Project>